// !$*UTF8*$!
{
	archiveVersion = 1;
	classes = {
	};
	objectVersion = 42;
	objects = {
		D7BA7D76DAB5DD13389D6332 = {
			buildActionMask = 2147483647;
			files = (
				);
			generatedFileNames = (
				);
			isa = PBXShellScriptBuildPhase;
			name = "Qt Qmake";
			neededFileNames = (
				);
			shellPath = "/bin/sh";
			shellScript = "make\ -C\ /Users/tommi/cornerstone/Projects/FingerPhysics2/Box2D\ -f\ Box2D.xcodeproj/qt_makeqmake.mak";
		};
		C84F10E7FB10D8AB0349450C = {
			isa = PBXFileReference;
			name = "b2BroadPhase.cpp";
			path = "Box2D/Collision/b2BroadPhase.cpp";
			refType = 4;
			lastKnownFileType = "sourcecode.cpp.cpp";
		};
		122924DC7BBBC379BA031A53 = {
			fileRef = "C84F10E7FB10D8AB0349450C";
			isa = PBXBuildFile;
			settings = {
				ATTRIBUTES = (
					);
			};
		};
		BA645F35ABF028B38C486116 = {
			isa = PBXFileReference;
			name = "b2CollideCircle.cpp";
			path = "Box2D/Collision/b2CollideCircle.cpp";
			refType = 4;
			lastKnownFileType = "sourcecode.cpp.cpp";
		};
		7679E3756D61CE6D324368A0 = {
			fileRef = "BA645F35ABF028B38C486116";
			isa = PBXBuildFile;
			settings = {
				ATTRIBUTES = (
					);
			};
		};
		1292A0F3B3E1E16ED70504F1 = {
			isa = PBXFileReference;
			name = "b2CollidePolygon.cpp";
			path = "Box2D/Collision/b2CollidePolygon.cpp";
			refType = 4;
			lastKnownFileType = "sourcecode.cpp.cpp";
		};
		FFBF4EBAADFCF343BA079E70 = {
			fileRef = "1292A0F3B3E1E16ED70504F1";
			isa = PBXBuildFile;
			settings = {
				ATTRIBUTES = (
					);
			};
		};
		107B98F480291DA3AED5FAC5 = {
			isa = PBXFileReference;
			name = "b2Collision.cpp";
			path = "Box2D/Collision/b2Collision.cpp";
			refType = 4;
			lastKnownFileType = "sourcecode.cpp.cpp";
		};
		5A912B3F34B07A668FC717EF = {
			fileRef = "107B98F480291DA3AED5FAC5";
			isa = PBXBuildFile;
			settings = {
				ATTRIBUTES = (
					);
			};
		};
		11DD3FEED80D9B191764A980 = {
			isa = PBXFileReference;
			name = "b2Distance.cpp";
			path = "Box2D/Collision/b2Distance.cpp";
			refType = 4;
			lastKnownFileType = "sourcecode.cpp.cpp";
		};
		CE142F9E6D62529611E04FF4 = {
			fileRef = "11DD3FEED80D9B191764A980";
			isa = PBXBuildFile;
			settings = {
				ATTRIBUTES = (
					);
			};
		};
		FFF87C104707C55CA11A1EA1 = {
			isa = PBXFileReference;
			name = "b2DynamicTree.cpp";
			path = "Box2D/Collision/b2DynamicTree.cpp";
			refType = 4;
			lastKnownFileType = "sourcecode.cpp.cpp";
		};
		B292E363E9B3F3C0C9272F2F = {
			fileRef = "FFF87C104707C55CA11A1EA1";
			isa = PBXBuildFile;
			settings = {
				ATTRIBUTES = (
					);
			};
		};
		0C6821145ABA60DAF0046F67 = {
			isa = PBXFileReference;
			name = "b2TimeOfImpact.cpp";
			path = "Box2D/Collision/b2TimeOfImpact.cpp";
			refType = 4;
			lastKnownFileType = "sourcecode.cpp.cpp";
		};
		8ADD1FC617E768EF413A62DE = {
			fileRef = "0C6821145ABA60DAF0046F67";
			isa = PBXBuildFile;
			settings = {
				ATTRIBUTES = (
					);
			};
		};
		33F5EB64A4B71D1AFFE6F7AA = {
			isa = PBXFileReference;
			name = "b2BlockAllocator.cpp";
			path = "Box2D/Common/b2BlockAllocator.cpp";
			refType = 4;
			lastKnownFileType = "sourcecode.cpp.cpp";
		};
		621913E46C17562A9D142136 = {
			fileRef = "33F5EB64A4B71D1AFFE6F7AA";
			isa = PBXBuildFile;
			settings = {
				ATTRIBUTES = (
					);
			};
		};
		38292E2D46C8992E5375FFE9 = {
			isa = PBXFileReference;
			name = "b2Math.cpp";
			path = "Box2D/Common/b2Math.cpp";
			refType = 4;
			lastKnownFileType = "sourcecode.cpp.cpp";
		};
		93B8511998A64536109F0706 = {
			fileRef = "38292E2D46C8992E5375FFE9";
			isa = PBXBuildFile;
			settings = {
				ATTRIBUTES = (
					);
			};
		};
		8CE07CF95117912B844BDDAA = {
			isa = PBXFileReference;
			name = "b2Settings.cpp";
			path = "Box2D/Common/b2Settings.cpp";
			refType = 4;
			lastKnownFileType = "sourcecode.cpp.cpp";
		};
		6BE1C6D3717C8B378E97B88B = {
			fileRef = "8CE07CF95117912B844BDDAA";
			isa = PBXBuildFile;
			settings = {
				ATTRIBUTES = (
					);
			};
		};
		385D19D8B8240F4D1D1713BE = {
			isa = PBXFileReference;
			name = "b2StackAllocator.cpp";
			path = "Box2D/Common/b2StackAllocator.cpp";
			refType = 4;
			lastKnownFileType = "sourcecode.cpp.cpp";
		};
		2B058A8D9623925D39852B72 = {
			fileRef = "385D19D8B8240F4D1D1713BE";
			isa = PBXBuildFile;
			settings = {
				ATTRIBUTES = (
					);
			};
		};
		6120F58D92B9EFC2748FDDB7 = {
			isa = PBXFileReference;
			name = "b2Body.cpp";
			path = "Box2D/Dynamics/b2Body.cpp";
			refType = 4;
			lastKnownFileType = "sourcecode.cpp.cpp";
		};
		7A05DF91491566F41E06024F = {
			fileRef = "6120F58D92B9EFC2748FDDB7";
			isa = PBXBuildFile;
			settings = {
				ATTRIBUTES = (
					);
			};
		};
		EEF530555C1586B3B3E76473 = {
			isa = PBXFileReference;
			name = "b2ContactManager.cpp";
			path = "Box2D/Dynamics/b2ContactManager.cpp";
			refType = 4;
			lastKnownFileType = "sourcecode.cpp.cpp";
		};
		4BC4AC5AEFE4C1A546B81235 = {
			fileRef = "EEF530555C1586B3B3E76473";
			isa = PBXBuildFile;
			settings = {
				ATTRIBUTES = (
					);
			};
		};
		668ABB0384317CE013FAF0E1 = {
			isa = PBXFileReference;
			name = "b2Fixture.cpp";
			path = "Box2D/Dynamics/b2Fixture.cpp";
			refType = 4;
			lastKnownFileType = "sourcecode.cpp.cpp";
		};
		811E8C3118E5B99CBF50E887 = {
			fileRef = "668ABB0384317CE013FAF0E1";
			isa = PBXBuildFile;
			settings = {
				ATTRIBUTES = (
					);
			};
		};
		F40FA43D5A0B48861E63ED13 = {
			isa = PBXFileReference;
			name = "b2Island.cpp";
			path = "Box2D/Dynamics/b2Island.cpp";
			refType = 4;
			lastKnownFileType = "sourcecode.cpp.cpp";
		};
		C58D15C237A25EDFB4CE54A5 = {
			fileRef = "F40FA43D5A0B48861E63ED13";
			isa = PBXBuildFile;
			settings = {
				ATTRIBUTES = (
					);
			};
		};
		7F70544C65A90A22DDCE18CB = {
			isa = PBXFileReference;
			name = "b2World.cpp";
			path = "Box2D/Dynamics/b2World.cpp";
			refType = 4;
			lastKnownFileType = "sourcecode.cpp.cpp";
		};
		3B36DD5C42182D104F73650B = {
			fileRef = "7F70544C65A90A22DDCE18CB";
			isa = PBXBuildFile;
			settings = {
				ATTRIBUTES = (
					);
			};
		};
		2A40FA765692D25864980DBE = {
			isa = PBXFileReference;
			name = "b2WorldCallbacks.cpp";
			path = "Box2D/Dynamics/b2WorldCallbacks.cpp";
			refType = 4;
			lastKnownFileType = "sourcecode.cpp.cpp";
		};
		E46F565ED5FEECAFB1F7A4B0 = {
			fileRef = "2A40FA765692D25864980DBE";
			isa = PBXBuildFile;
			settings = {
				ATTRIBUTES = (
					);
			};
		};
		D0E847B287CCD7B68E220D00 = {
			isa = PBXFileReference;
			name = "b2CircleContact.cpp";
			path = "Box2D/Dynamics/Contacts/b2CircleContact.cpp";
			refType = 4;
			lastKnownFileType = "sourcecode.cpp.cpp";
		};
		E14726CFC22D2D13C22A9EDE = {
			fileRef = "D0E847B287CCD7B68E220D00";
			isa = PBXBuildFile;
			settings = {
				ATTRIBUTES = (
					);
			};
		};
		565BDE25D283485D2E6F70C1 = {
			isa = PBXFileReference;
			name = "b2Contact.cpp";
			path = "Box2D/Dynamics/Contacts/b2Contact.cpp";
			refType = 4;
			lastKnownFileType = "sourcecode.cpp.cpp";
		};
		7FA6DD7F6001D13A4A03F990 = {
			fileRef = "565BDE25D283485D2E6F70C1";
			isa = PBXBuildFile;
			settings = {
				ATTRIBUTES = (
					);
			};
		};
		EEDC131361991BAEB10BCD6A = {
			isa = PBXFileReference;
			name = "b2ContactSolver.cpp";
			path = "Box2D/Dynamics/Contacts/b2ContactSolver.cpp";
			refType = 4;
			lastKnownFileType = "sourcecode.cpp.cpp";
		};
		B4A0FC685E23E946A2E9409A = {
			fileRef = "EEDC131361991BAEB10BCD6A";
			isa = PBXBuildFile;
			settings = {
				ATTRIBUTES = (
					);
			};
		};
		693201943A64144A54945128 = {
			isa = PBXFileReference;
			name = "b2PolygonAndCircleContact.cpp";
			path = "Box2D/Dynamics/Contacts/b2PolygonAndCircleContact.cpp";
			refType = 4;
			lastKnownFileType = "sourcecode.cpp.cpp";
		};
		C7A0ADDB4197219A5D408272 = {
			fileRef = "693201943A64144A54945128";
			isa = PBXBuildFile;
			settings = {
				ATTRIBUTES = (
					);
			};
		};
		FCD3F71B81133FBD5390F043 = {
			isa = PBXFileReference;
			name = "b2PolygonContact.cpp";
			path = "Box2D/Dynamics/Contacts/b2PolygonContact.cpp";
			refType = 4;
			lastKnownFileType = "sourcecode.cpp.cpp";
		};
		1351E82BFA143B6B25A43C3A = {
			fileRef = "FCD3F71B81133FBD5390F043";
			isa = PBXBuildFile;
			settings = {
				ATTRIBUTES = (
					);
			};
		};
		45350DF339B3724647DF5163 = {
			isa = PBXFileReference;
			name = "b2TOISolver.cpp";
			path = "Box2D/Dynamics/Contacts/b2TOISolver.cpp";
			refType = 4;
			lastKnownFileType = "sourcecode.cpp.cpp";
		};
		3156BDCB62EE601933B0B31D = {
			fileRef = "45350DF339B3724647DF5163";
			isa = PBXBuildFile;
			settings = {
				ATTRIBUTES = (
					);
			};
		};
		9EA8310497FF0D9D76D09A08 = {
			isa = PBXFileReference;
			name = "b2DistanceJoint.cpp";
			path = "Box2D/Dynamics/Joints/b2DistanceJoint.cpp";
			refType = 4;
			lastKnownFileType = "sourcecode.cpp.cpp";
		};
		1F1F3A45295EB45960E76591 = {
			fileRef = "9EA8310497FF0D9D76D09A08";
			isa = PBXBuildFile;
			settings = {
				ATTRIBUTES = (
					);
			};
		};
		D69EDE4CB1B68A6097BED9C1 = {
			isa = PBXFileReference;
			name = "b2FrictionJoint.cpp";
			path = "Box2D/Dynamics/Joints/b2FrictionJoint.cpp";
			refType = 4;
			lastKnownFileType = "sourcecode.cpp.cpp";
		};
		B100F7D34ACEA87A5AB564A4 = {
			fileRef = "D69EDE4CB1B68A6097BED9C1";
			isa = PBXBuildFile;
			settings = {
				ATTRIBUTES = (
					);
			};
		};
		72FECA855C68567D3EE2BF3F = {
			isa = PBXFileReference;
			name = "b2GearJoint.cpp";
			path = "Box2D/Dynamics/Joints/b2GearJoint.cpp";
			refType = 4;
			lastKnownFileType = "sourcecode.cpp.cpp";
		};
		5BB797EA8B6142168538666F = {
			fileRef = "72FECA855C68567D3EE2BF3F";
			isa = PBXBuildFile;
			settings = {
				ATTRIBUTES = (
					);
			};
		};
		E1B1E316CA55E336DAB04DDF = {
			isa = PBXFileReference;
			name = "b2Joint.cpp";
			path = "Box2D/Dynamics/Joints/b2Joint.cpp";
			refType = 4;
			lastKnownFileType = "sourcecode.cpp.cpp";
		};
		08B59EC3319A05A491CA26F5 = {
			fileRef = "E1B1E316CA55E336DAB04DDF";
			isa = PBXBuildFile;
			settings = {
				ATTRIBUTES = (
					);
			};
		};
		ACB39F6D319AEB5EA193DE2F = {
			isa = PBXFileReference;
			name = "b2LineJoint.cpp";
			path = "Box2D/Dynamics/Joints/b2LineJoint.cpp";
			refType = 4;
			lastKnownFileType = "sourcecode.cpp.cpp";
		};
		12A029ECCC79717BF3D9FA30 = {
			fileRef = "ACB39F6D319AEB5EA193DE2F";
			isa = PBXBuildFile;
			settings = {
				ATTRIBUTES = (
					);
			};
		};
		51E3F3F53FE2F2765B5C00A2 = {
			isa = PBXFileReference;
			name = "b2MouseJoint.cpp";
			path = "Box2D/Dynamics/Joints/b2MouseJoint.cpp";
			refType = 4;
			lastKnownFileType = "sourcecode.cpp.cpp";
		};
		A35003747E264F05A45EDF52 = {
			fileRef = "51E3F3F53FE2F2765B5C00A2";
			isa = PBXBuildFile;
			settings = {
				ATTRIBUTES = (
					);
			};
		};
		6D5456D85DCAB69E659251D4 = {
			isa = PBXFileReference;
			name = "b2PrismaticJoint.cpp";
			path = "Box2D/Dynamics/Joints/b2PrismaticJoint.cpp";
			refType = 4;
			lastKnownFileType = "sourcecode.cpp.cpp";
		};
		8CA2E75E75ED9010C9917266 = {
			fileRef = "6D5456D85DCAB69E659251D4";
			isa = PBXBuildFile;
			settings = {
				ATTRIBUTES = (
					);
			};
		};
		A97320CEBF0F8751A2F4FA39 = {
			isa = PBXFileReference;
			name = "b2PulleyJoint.cpp";
			path = "Box2D/Dynamics/Joints/b2PulleyJoint.cpp";
			refType = 4;
			lastKnownFileType = "sourcecode.cpp.cpp";
		};
		07237911ABA3AA9552DB6B2D = {
			fileRef = "A97320CEBF0F8751A2F4FA39";
			isa = PBXBuildFile;
			settings = {
				ATTRIBUTES = (
					);
			};
		};
		CEACB435FFB6B8F69CE5AE39 = {
			isa = PBXFileReference;
			name = "b2RevoluteJoint.cpp";
			path = "Box2D/Dynamics/Joints/b2RevoluteJoint.cpp";
			refType = 4;
			lastKnownFileType = "sourcecode.cpp.cpp";
		};
		7F9BDAB1CD249A73500194FC = {
			fileRef = "CEACB435FFB6B8F69CE5AE39";
			isa = PBXBuildFile;
			settings = {
				ATTRIBUTES = (
					);
			};
		};
		F4A194EB352AB56F9D5A25CE = {
			isa = PBXFileReference;
			name = "b2WeldJoint.cpp";
			path = "Box2D/Dynamics/Joints/b2WeldJoint.cpp";
			refType = 4;
			lastKnownFileType = "sourcecode.cpp.cpp";
		};
		6536C0356B8DC4E7811E3295 = {
			fileRef = "F4A194EB352AB56F9D5A25CE";
			isa = PBXBuildFile;
			settings = {
				ATTRIBUTES = (
					);
			};
		};
		58164FEB838F1FEE4D0B1F5F = {
			isa = PBXFileReference;
			name = "*.h";
			path = "Box2D/*.h";
			refType = 4;
		};
		63C9B5D0B1FE9EE5523A3127 = {
			isa = PBXFileReference;
			name = "*.h";
			path = "Box2D/Common/*.h";
			refType = 4;
		};
		489208E336C1D8A899156143 = {
			isa = PBXFileReference;
			name = "*.h";
			path = "Box2D/Dynamics/*.h";
			refType = 4;
		};
		E4EDFAE9207C9CBBA245959B = {
			isa = PBXFileReference;
			name = "*.h";
			path = "Box2D/Dynamics/Contacts/*.h";
			refType = 4;
		};
		2C00E3478282F4F5647A5FAC = {
			isa = PBXFileReference;
			name = "*.h";
			path = "Box2D/Dynamics/Joints/*.h";
			refType = 4;
		};
		B4E4B1789857A9854CC69382 = {
			isa = PBXFileReference;
			name = "Box2D.pro";
			path = "Box2D.pro";
			refType = 4;
		};
		883D7615C4D2DE3FA1218F12 = {
			isa = PBXGroup;
			children = (
				"F4B1107020E5FF04D29941D3");
			name = "Headers";
			refType = 4;
		};
		F4B1107020E5FF04D29941D3 = {
			isa = PBXGroup;
			children = (
				"58164FEB838F1FEE4D0B1F5F",
				"78203C66C519481BED031EB0",
				"B9555035C79B3CE29963A981");
			name = "Box2D";
			refType = 4;
		};
		78203C66C519481BED031EB0 = {
			isa = PBXGroup;
			children = (
				"63C9B5D0B1FE9EE5523A3127");
			name = "Common";
			refType = 4;
		};
		B9555035C79B3CE29963A981 = {
			isa = PBXGroup;
			children = (
				"489208E336C1D8A899156143",
				"25D2B832A50D4D34392AB958",
				"15CFF9327485CE9783051321");
			name = "Dynamics";
			refType = 4;
		};
		25D2B832A50D4D34392AB958 = {
			isa = PBXGroup;
			children = (
				"E4EDFAE9207C9CBBA245959B");
			name = "Contacts";
			refType = 4;
		};
		15CFF9327485CE9783051321 = {
			isa = PBXGroup;
			children = (
				"2C00E3478282F4F5647A5FAC");
			name = "Joints";
			refType = 4;
		};
		7BD86E66040C476979E36389 = {
			isa = PBXGroup;
			children = (
				"EC0C6DCAAEB519D8FBE6E141",
				"9672BB7B82B08C414E790082",
				"149637492C560BF89DEA1E57");
			name = "Box2D";
			refType = 4;
		};
		EC0C6DCAAEB519D8FBE6E141 = {
			isa = PBXGroup;
			children = (
				"C84F10E7FB10D8AB0349450C",
				"BA645F35ABF028B38C486116",
				"1292A0F3B3E1E16ED70504F1",
				"107B98F480291DA3AED5FAC5",
				"11DD3FEED80D9B191764A980",
				"FFF87C104707C55CA11A1EA1",
				"0C6821145ABA60DAF0046F67");
			name = "Collision";
			refType = 4;
		};
		9672BB7B82B08C414E790082 = {
			isa = PBXGroup;
			children = (
				"33F5EB64A4B71D1AFFE6F7AA",
				"38292E2D46C8992E5375FFE9",
				"8CE07CF95117912B844BDDAA",
				"385D19D8B8240F4D1D1713BE");
			name = "Common";
			refType = 4;
		};
		149637492C560BF89DEA1E57 = {
			isa = PBXGroup;
			children = (
				"6120F58D92B9EFC2748FDDB7",
				"EEF530555C1586B3B3E76473",
				"668ABB0384317CE013FAF0E1",
				"F40FA43D5A0B48861E63ED13",
				"7F70544C65A90A22DDCE18CB",
				"2A40FA765692D25864980DBE",
				"822B0E2F34331E85EE4A93DB",
				"B9CE8CCB42F99DAD528ABD34");
			name = "Dynamics";
			refType = 4;
		};
		822B0E2F34331E85EE4A93DB = {
			isa = PBXGroup;
			children = (
				"D0E847B287CCD7B68E220D00",
				"565BDE25D283485D2E6F70C1",
				"EEDC131361991BAEB10BCD6A",
				"693201943A64144A54945128",
				"FCD3F71B81133FBD5390F043",
				"45350DF339B3724647DF5163");
			name = "Contacts";
			refType = 4;
		};
		B9CE8CCB42F99DAD528ABD34 = {
			isa = PBXGroup;
			children = (
				"9EA8310497FF0D9D76D09A08",
				"D69EDE4CB1B68A6097BED9C1",
				"72FECA855C68567D3EE2BF3F",
				"E1B1E316CA55E336DAB04DDF",
				"ACB39F6D319AEB5EA193DE2F",
				"51E3F3F53FE2F2765B5C00A2",
				"6D5456D85DCAB69E659251D4",
				"A97320CEBF0F8751A2F4FA39",
				"CEACB435FFB6B8F69CE5AE39",
				"F4A194EB352AB56F9D5A25CE");
			name = "Joints";
			refType = 4;
		};
		FB61758D0F0FDA4BA867C3D5 = {
			isa = PBXGroup;
			children = (
				"7BD86E66040C476979E36389");
			name = "Sources";
			refType = 4;
		};
		7CABE3C80E79AD2B307756D2 = {
			isa = PBXGroup;
			children = (
				"B4E4B1789857A9854CC69382");
			name = "Sources [qmake]";
			refType = 4;
		};
		A0A52A2ADF7A1E2A99738674 = {
			buildActionMask = 2147483647;
			files = (
				);
			generatedFileNames = (
				"122924DC7BBBC379BA031A53",
				"7679E3756D61CE6D324368A0",
				"FFBF4EBAADFCF343BA079E70",
				"5A912B3F34B07A668FC717EF",
				"CE142F9E6D62529611E04FF4",
				"B292E363E9B3F3C0C9272F2F",
				"8ADD1FC617E768EF413A62DE",
				"621913E46C17562A9D142136",
				"93B8511998A64536109F0706",
				"6BE1C6D3717C8B378E97B88B",
				"2B058A8D9623925D39852B72",
				"7A05DF91491566F41E06024F",
				"4BC4AC5AEFE4C1A546B81235",
				"811E8C3118E5B99CBF50E887",
				"C58D15C237A25EDFB4CE54A5",
				"3B36DD5C42182D104F73650B",
				"E46F565ED5FEECAFB1F7A4B0",
				"E14726CFC22D2D13C22A9EDE",
				"7FA6DD7F6001D13A4A03F990",
				"B4A0FC685E23E946A2E9409A",
				"C7A0ADDB4197219A5D408272",
				"1351E82BFA143B6B25A43C3A",
				"3156BDCB62EE601933B0B31D",
				"1F1F3A45295EB45960E76591",
				"B100F7D34ACEA87A5AB564A4",
				"5BB797EA8B6142168538666F",
				"08B59EC3319A05A491CA26F5",
				"12A029ECCC79717BF3D9FA30",
				"A35003747E264F05A45EDF52",
				"8CA2E75E75ED9010C9917266",
				"07237911ABA3AA9552DB6B2D",
				"7F9BDAB1CD249A73500194FC",
				"6536C0356B8DC4E7811E3295");
			isa = PBXShellScriptBuildPhase;
			name = "Qt Preprocessors";
			neededFileNames = (
				"122924DC7BBBC379BA031A53",
				"7679E3756D61CE6D324368A0",
				"FFBF4EBAADFCF343BA079E70",
				"5A912B3F34B07A668FC717EF",
				"CE142F9E6D62529611E04FF4",
				"B292E363E9B3F3C0C9272F2F",
				"8ADD1FC617E768EF413A62DE",
				"621913E46C17562A9D142136",
				"93B8511998A64536109F0706",
				"6BE1C6D3717C8B378E97B88B",
				"2B058A8D9623925D39852B72",
				"7A05DF91491566F41E06024F",
				"4BC4AC5AEFE4C1A546B81235",
				"811E8C3118E5B99CBF50E887",
				"C58D15C237A25EDFB4CE54A5",
				"3B36DD5C42182D104F73650B",
				"E46F565ED5FEECAFB1F7A4B0",
				"E14726CFC22D2D13C22A9EDE",
				"7FA6DD7F6001D13A4A03F990",
				"B4A0FC685E23E946A2E9409A",
				"C7A0ADDB4197219A5D408272",
				"1351E82BFA143B6B25A43C3A",
				"3156BDCB62EE601933B0B31D",
				"1F1F3A45295EB45960E76591",
				"B100F7D34ACEA87A5AB564A4",
				"5BB797EA8B6142168538666F",
				"08B59EC3319A05A491CA26F5",
				"12A029ECCC79717BF3D9FA30",
				"A35003747E264F05A45EDF52",
				"8CA2E75E75ED9010C9917266",
				"07237911ABA3AA9552DB6B2D",
				"7F9BDAB1CD249A73500194FC",
				"6536C0356B8DC4E7811E3295");
			shellPath = "/bin/sh";
			shellScript = "make\ -C\ /Users/tommi/cornerstone/Projects/FingerPhysics2/Box2D\ -f\ Box2D.xcodeproj/qt_preprocess.mak";
		};
		C29B8785722055ED95EF7B57 = {
			buildActionMask = 2147483647;
			files = (
				"122924DC7BBBC379BA031A53",
				"7679E3756D61CE6D324368A0",
				"FFBF4EBAADFCF343BA079E70",
				"5A912B3F34B07A668FC717EF",
				"CE142F9E6D62529611E04FF4",
				"B292E363E9B3F3C0C9272F2F",
				"8ADD1FC617E768EF413A62DE",
				"621913E46C17562A9D142136",
				"93B8511998A64536109F0706",
				"6BE1C6D3717C8B378E97B88B",
				"2B058A8D9623925D39852B72",
				"7A05DF91491566F41E06024F",
				"4BC4AC5AEFE4C1A546B81235",
				"811E8C3118E5B99CBF50E887",
				"C58D15C237A25EDFB4CE54A5",
				"3B36DD5C42182D104F73650B",
				"E46F565ED5FEECAFB1F7A4B0",
				"E14726CFC22D2D13C22A9EDE",
				"7FA6DD7F6001D13A4A03F990",
				"B4A0FC685E23E946A2E9409A",
				"C7A0ADDB4197219A5D408272",
				"1351E82BFA143B6B25A43C3A",
				"3156BDCB62EE601933B0B31D",
				"1F1F3A45295EB45960E76591",
				"B100F7D34ACEA87A5AB564A4",
				"5BB797EA8B6142168538666F",
				"08B59EC3319A05A491CA26F5",
				"12A029ECCC79717BF3D9FA30",
				"A35003747E264F05A45EDF52",
				"8CA2E75E75ED9010C9917266",
				"07237911ABA3AA9552DB6B2D",
				"7F9BDAB1CD249A73500194FC",
				"6536C0356B8DC4E7811E3295");
			isa = PBXSourcesBuildPhase;
			name = "Build Sources";
		};
		2A1043669E6E5A7426EA502A = {
			buildActionMask = 2147483647;
			files = (
				);
			isa = PBXFrameworksBuildPhase;
			name = "Frameworks & Libraries";
		};
		F6069D5A5DA8AA28EDB8B3C6 = {
			name = "Project Copy";
			buildActionMask = 2147483647;
			dstPath = "/Users/tommi/cornerstone/lib";
			dstSubfolderSpec = 0;
			files = (
"07E0DFA73EB56DCB9E28CDD9");
			isa = PBXCopyFilesBuildPhase;
			runOnlyForDeploymentPostprocessing = 0;
		};
		07E0DFA73EB56DCB9E28CDD9 = {
			fileRef = "81950562020DF7B3ADAECF40";
			isa = PBXBuildFile;
			settings = {
			};
		};
		05596AB53D8D521C69802C27 = {
			children = (
				"FB61758D0F0FDA4BA867C3D5",
				"883D7615C4D2DE3FA1218F12",
				"7CABE3C80E79AD2B307756D2");
			isa = PBXGroup;
			name = "Box2D";
			path = "";
			refType = 4;
		};
		81950562020DF7B3ADAECF40 = {
			isa = PBXFileReference;
			explicitFileType = "compiled.mach-o.dylib";
			path = "libBox2D.dylib";
			refType = 3;
			sourceTree = BUILT_PRODUCTS_DIR;
		};
		068F80C7519D0528FB08E821 = {
			children = (
				"81950562020DF7B3ADAECF40");
			isa = PBXGroup;
			name = "Products";
			refType = 4;
		};
		9118130BF172A796DAD432C2 = {
			buildPhases = (
				"D7BA7D76DAB5DD13389D6332",
				"A0A52A2ADF7A1E2A99738674",
				"F6069D5A5DA8AA28EDB8B3C6",
				"C29B8785722055ED95EF7B57",
				"2A1043669E6E5A7426EA502A");
			buildSettings = {
				HEADER_SEARCH_PATHS = (
					"/usr/local/include",
					"/System/Library/Frameworks/CarbonCore.framework/Headers",
					"/usr/local/Qt4.5/mkspecs/macx-xcode");
				LIBRARY_SEARCH_PATHS = (
					);
				OPTIMIZATION_CFLAGS = (
					);
				OTHER_CFLAGS = (
					"-pipe",
					"-std=gnu99",
					"-ffast-math",
					"-g",
					"-Wall",
					"-W",
					"-fPIC");
				OTHER_CPLUSPLUSFLAGS = (
					"-pipe",
					"-g",
					"-Wall",
					"-W",
					"-fPIC");
				LEXFLAGS = "";
				YACCFLAGS = "-d";
				OTHER_REZFLAGS = "";
				SECTORDER_FLAGS = "";
				WARNING_CFLAGS = "";
				PREBINDING = NO;
				BUILD_ROOT = "/Users/tommi/cornerstone/Projects/FingerPhysics2/Box2D";
				OTHER_LDFLAGS = (
						"-headerpad_max_install_names",
						"-single_module",
						"-dynamiclib");
				INSTALL_DIR = "/Users/tommi/cornerstone/Projects/FingerPhysics2/Box2D/../../../lib/";
				INSTALL_PATH = "";
				DYLIB_CURRENT_VERSION = "1.0.0";
				DYLIB_COMPATIBILITY_VERSION = "1.0";
				MACOSX_DEPLOYMENT_TARGET = "10.3";
				LIBRARY_STYLE = "DYNAMIC";
				PRODUCT_NAME = "libBox2D";
			};
			conditionalBuildSettings = {
			};
			dependencies = (
				);
			productReference = "81950562020DF7B3ADAECF40";
			shouldUseHeadermap = 1;
			isa = PBXNativeTarget;
			name = "libBox2D";
			productName = "libBox2D";
			productType = "com.apple.product-type.library.dynamic";
			startupPath = "<<ProjectDirectory>>";
			productInstallPath = "../../../lib/";
		};
		8DB1DD96F65B1BF1FFC506E0 = {
			isa = XCBuildConfiguration;
			buildSettings = {
				COPY_PHASE_STRIP = "NO";
				GCC_GENERATE_DEBUGGING_SYMBOLS = "YES";
				GCC_OPTIMIZATION_LEVEL = "0";
			};
			name = "Debug";
		};
		2C641C3335766025DD51B7BD = {
			buildRules = (
				);
			buildSettings = {
				COPY_PHASE_STRIP = "NO";
				GCC_GENERATE_DEBUGGING_SYMBOLS = "YES";
				GCC_OPTIMIZATION_LEVEL = "0";
			};
			isa = "PBXBuildStyle";
			name = "Debug";
		};
		95E1EB2E5DDD587BE5B3E548 = {
			isa = XCBuildConfiguration;
			buildSettings = {
				COPY_PHASE_STRIP = "YES";
				GCC_GENERATE_DEBUGGING_SYMBOLS = "NO";
			};
			name = "Release";
		};
		26DE8D2AEA4B3714B41E931F = {
			buildRules = (
				);
			buildSettings = {
				COPY_PHASE_STRIP = "YES";
				GCC_GENERATE_DEBUGGING_SYMBOLS = "NO";
			};
			isa = "PBXBuildStyle";
			name = "Release";
		};
		2A951308CDB28F104D0A4BD2 = {
			isa = XCConfigurationList;
			buildConfigurations = (
				"8DB1DD96F65B1BF1FFC506E0",
				"95E1EB2E5DDD587BE5B3E548");
			defaultConfigurationIsVisible = 0;
			defaultConfigurationIsName = "Debug";
		};
		91B15E841AA80083484172DE = {
			buildStyles = (
				"2C641C3335766025DD51B7BD",
				"26DE8D2AEA4B3714B41E931F");
			hasScannedForEncodings = 1;
			isa = PBXProject;
			mainGroup = "05596AB53D8D521C69802C27";
			buildConfigurationList = "2A951308CDB28F104D0A4BD2";
			projectDirPath = "";
			targets = (
				"9118130BF172A796DAD432C2");
		};
	};
	rootObject = "91B15E841AA80083484172DE";
}
